// !$*UTF8*$!
{
	archiveVersion = 1;
	classes = {
	};
	objectVersion = 46;
	objects = {

/* Begin PBXBuildFile section */
		559BE82E1D9733E800614998 /* AppDelegate.swift in Sources */ = {isa = PBXBuildFile; fileRef = 559BE82D1D9733E800614998 /* AppDelegate.swift */; };
		559BE8301D9733E800614998 /* ViewController.swift in Sources */ = {isa = PBXBuildFile; fileRef = 559BE82F1D9733E800614998 /* ViewController.swift */; };
		559BE8331D9733E800614998 /* Main.storyboard in Resources */ = {isa = PBXBuildFile; fileRef = 559BE8311D9733E800614998 /* Main.storyboard */; };
		559BE8351D9733E800614998 /* Assets.xcassets in Resources */ = {isa = PBXBuildFile; fileRef = 559BE8341D9733E800614998 /* Assets.xcassets */; };
		559BE8381D9733E800614998 /* LaunchScreen.storyboard in Resources */ = {isa = PBXBuildFile; fileRef = 559BE8361D9733E800614998 /* LaunchScreen.storyboard */; };
		559BE8421D973F9500614998 /* MapViewController.swift in Sources */ = {isa = PBXBuildFile; fileRef = 559BE8411D973F9500614998 /* MapViewController.swift */; };
		559BE8441D97786D00614998 /* GoogleService-Info.plist in Resources */ = {isa = PBXBuildFile; fileRef = 559BE8431D97786D00614998 /* GoogleService-Info.plist */; };
/* End PBXBuildFile section */

/* Begin PBXFileReference section */
		559BE82A1D9733E800614998 /* Silencio.app */ = {isa = PBXFileReference; explicitFileType = wrapper.application; includeInIndex = 0; path = Silencio.app; sourceTree = BUILT_PRODUCTS_DIR; };
		559BE82D1D9733E800614998 /* AppDelegate.swift */ = {isa = PBXFileReference; lastKnownFileType = sourcecode.swift; path = AppDelegate.swift; sourceTree = "<group>"; };
		559BE82F1D9733E800614998 /* ViewController.swift */ = {isa = PBXFileReference; lastKnownFileType = sourcecode.swift; path = ViewController.swift; sourceTree = "<group>"; };
		559BE8321D9733E800614998 /* Base */ = {isa = PBXFileReference; lastKnownFileType = file.storyboard; name = Base; path = Base.lproj/Main.storyboard; sourceTree = "<group>"; };
		559BE8341D9733E800614998 /* Assets.xcassets */ = {isa = PBXFileReference; lastKnownFileType = folder.assetcatalog; path = Assets.xcassets; sourceTree = "<group>"; };
		559BE8371D9733E800614998 /* Base */ = {isa = PBXFileReference; lastKnownFileType = file.storyboard; name = Base; path = Base.lproj/LaunchScreen.storyboard; sourceTree = "<group>"; };
		559BE8391D9733E800614998 /* Info.plist */ = {isa = PBXFileReference; lastKnownFileType = text.plist.xml; path = Info.plist; sourceTree = "<group>"; };
		559BE8411D973F9500614998 /* MapViewController.swift */ = {isa = PBXFileReference; fileEncoding = 4; lastKnownFileType = sourcecode.swift; path = MapViewController.swift; sourceTree = "<group>"; };
		559BE8431D97786D00614998 /* GoogleService-Info.plist */ = {isa = PBXFileReference; fileEncoding = 4; lastKnownFileType = text.plist.xml; path = "GoogleService-Info.plist"; sourceTree = "<group>"; };
/* End PBXFileReference section */

/* Begin PBXFrameworksBuildPhase section */
		559BE8271D9733E800614998 /* Frameworks */ = {
			isa = PBXFrameworksBuildPhase;
			buildActionMask = 2147483647;
			files = (
			);
			runOnlyForDeploymentPostprocessing = 0;
		};
/* End PBXFrameworksBuildPhase section */

/* Begin PBXGroup section */
		559BE8211D9733E800614998 = {
			isa = PBXGroup;
			children = (
				559BE82C1D9733E800614998 /* Silencio */,
				559BE82B1D9733E800614998 /* Products */,
			);
			sourceTree = "<group>";
		};
		559BE82B1D9733E800614998 /* Products */ = {
			isa = PBXGroup;
			children = (
				559BE82A1D9733E800614998 /* Silencio.app */,
			);
			name = Products;
			sourceTree = "<group>";
		};
		559BE82C1D9733E800614998 /* Silencio */ = {
			isa = PBXGroup;
			children = (
				559BE82D1D9733E800614998 /* AppDelegate.swift */,
				559BE8411D973F9500614998 /* MapViewController.swift */,
				559BE82F1D9733E800614998 /* ViewController.swift */,
				559BE8311D9733E800614998 /* Main.storyboard */,
				559BE8341D9733E800614998 /* Assets.xcassets */,
				559BE8361D9733E800614998 /* LaunchScreen.storyboard */,
				559BE8391D9733E800614998 /* Info.plist */,
				559BE8431D97786D00614998 /* GoogleService-Info.plist */,
			);
			path = Silencio;
			sourceTree = "<group>";
		};
/* End PBXGroup section */

/* Begin PBXNativeTarget section */
		559BE8291D9733E800614998 /* Silencio */ = {
			isa = PBXNativeTarget;
			buildConfigurationList = 559BE83C1D9733E800614998 /* Build configuration list for PBXNativeTarget "Silencio" */;
			buildPhases = (
				559BE8261D9733E800614998 /* Sources */,
				559BE8271D9733E800614998 /* Frameworks */,
				559BE8281D9733E800614998 /* Resources */,
			);
			buildRules = (
			);
			dependencies = (
			);
			name = Silencio;
			productName = Silencio;
			productReference = 559BE82A1D9733E800614998 /* Silencio.app */;
			productType = "com.apple.product-type.application";
		};
/* End PBXNativeTarget section */

/* Begin PBXProject section */
		559BE8221D9733E800614998 /* Project object */ = {
			isa = PBXProject;
			attributes = {
				LastSwiftUpdateCheck = 0800;
				LastUpgradeCheck = 0800;
				ORGANIZATIONNAME = "Jordan Cech";
				TargetAttributes = {
					559BE8291D9733E800614998 = {
						CreatedOnToolsVersion = 8.0;
						DevelopmentTeam = UCEY2ZV2YM;
						ProvisioningStyle = Automatic;
					};
				};
			};
			buildConfigurationList = 559BE8251D9733E800614998 /* Build configuration list for PBXProject "Silencio" */;
			compatibilityVersion = "Xcode 3.2";
			developmentRegion = English;
			hasScannedForEncodings = 0;
			knownRegions = (
				en,
				Base,
			);
			mainGroup = 559BE8211D9733E800614998;
			productRefGroup = 559BE82B1D9733E800614998 /* Products */;
			projectDirPath = "";
			projectRoot = "";
			targets = (
				559BE8291D9733E800614998 /* Silencio */,
			);
		};
/* End PBXProject section */

/* Begin PBXResourcesBuildPhase section */
		559BE8281D9733E800614998 /* Resources */ = {
			isa = PBXResourcesBuildPhase;
			buildActionMask = 2147483647;
			files = (
				559BE8381D9733E800614998 /* LaunchScreen.storyboard in Resources */,
				559BE8441D97786D00614998 /* GoogleService-Info.plist in Resources */,
				559BE8351D9733E800614998 /* Assets.xcassets in Resources */,
				559BE8331D9733E800614998 /* Main.storyboard in Resources */,
			);
			runOnlyForDeploymentPostprocessing = 0;
		};
/* End PBXResourcesBuildPhase section */

/* Begin PBXSourcesBuildPhase section */
		559BE8261D9733E800614998 /* Sources */ = {
			isa = PBXSourcesBuildPhase;
			buildActionMask = 2147483647;
			files = (
				559BE8301D9733E800614998 /* ViewController.swift in Sources */,
				559BE8421D973F9500614998 /* MapViewController.swift in Sources */,
				559BE82E1D9733E800614998 /* AppDelegate.swift in Sources */,
			);
			runOnlyForDeploymentPostprocessing = 0;
		};
/* End PBXSourcesBuildPhase section */

/* Begin PBXVariantGroup section */
		559BE8311D9733E800614998 /* Main.storyboard */ = {
			isa = PBXVariantGroup;
			children = (
				559BE8321D9733E800614998 /* Base */,
			);
			name = Main.storyboard;
			sourceTree = "<group>";
		};
		559BE8361D9733E800614998 /* LaunchScreen.storyboard */ = {
			isa = PBXVariantGroup;
			children = (
				559BE8371D9733E800614998 /* Base */,
			);
			name = LaunchScreen.storyboard;
			sourceTree = "<group>";
		};
/* End PBXVariantGroup section */

/* Begin XCBuildConfiguration section */
		559BE83A1D9733E800614998 /* Debug */ = {
			isa = XCBuildConfiguration;
			buildSettings = {
				ALWAYS_SEARCH_USER_PATHS = NO;
				CLANG_ANALYZER_NONNULL = YES;
				CLANG_CXX_LANGUAGE_STANDARD = "gnu++0x";
				CLANG_CXX_LIBRARY = "libc++";
				CLANG_ENABLE_MODULES = YES;
				CLANG_ENABLE_OBJC_ARC = YES;
				CLANG_WARN_BOOL_CONVERSION = YES;
				CLANG_WARN_CONSTANT_CONVERSION = YES;
				CLANG_WARN_DIRECT_OBJC_ISA_USAGE = YES_ERROR;
				CLANG_WARN_DOCUMENTATION_COMMENTS = YES;
				CLANG_WARN_EMPTY_BODY = YES;
				CLANG_WARN_ENUM_CONVERSION = YES;
				CLANG_WARN_INFINITE_RECURSION = YES;
				CLANG_WARN_INT_CONVERSION = YES;
				CLANG_WARN_OBJC_ROOT_CLASS = YES_ERROR;
				CLANG_WARN_SUSPICIOUS_MOVES = YES;
				CLANG_WARN_UNREACHABLE_CODE = YES;
				CLANG_WARN__DUPLICATE_METHOD_MATCH = YES;
				"CODE_SIGN_IDENTITY[sdk=iphoneos*]" = "iPhone Developer";
				COPY_PHASE_STRIP = NO;
				DEBUG_INFORMATION_FORMAT = dwarf;
				ENABLE_STRICT_OBJC_MSGSEND = YES;
				ENABLE_TESTABILITY = YES;
				GCC_C_LANGUAGE_STANDARD = gnu99;
				GCC_DYNAMIC_NO_PIC = NO;
				GCC_NO_COMMON_BLOCKS = YES;
				GCC_OPTIMIZATION_LEVEL = 0;
				GCC_PREPROCESSOR_DEFINITIONS = (
					"DEBUG=1",
					"$(inherited)",
				);
				GCC_WARN_64_TO_32_BIT_CONVERSION = YES;
				GCC_WARN_ABOUT_RETURN_TYPE = YES_ERROR;
				GCC_WARN_UNDECLARED_SELECTOR = YES;
				GCC_WARN_UNINITIALIZED_AUTOS = YES_AGGRESSIVE;
				GCC_WARN_UNUSED_FUNCTION = YES;
				GCC_WARN_UNUSED_VARIABLE = YES;
				IPHONEOS_DEPLOYMENT_TARGET = 10.0;
				MTL_ENABLE_DEBUG_INFO = YES;
				ONLY_ACTIVE_ARCH = YES;
				SDKROOT = iphoneos;
				SWIFT_ACTIVE_COMPILATION_CONDITIONS = DEBUG;
				SWIFT_OPTIMIZATION_LEVEL = "-Onone";
			};
			name = Debug;
		};
		559BE83B1D9733E800614998 /* Release */ = {
			isa = XCBuildConfiguration;
			buildSettings = {
				ALWAYS_SEARCH_USER_PATHS = NO;
				CLANG_ANALYZER_NONNULL = YES;
				CLANG_CXX_LANGUAGE_STANDARD = "gnu++0x";
				CLANG_CXX_LIBRARY = "libc++";
				CLANG_ENABLE_MODULES = YES;
				CLANG_ENABLE_OBJC_ARC = YES;
				CLANG_WARN_BOOL_CONVERSION = YES;
				CLANG_WARN_CONSTANT_CONVERSION = YES;
				CLANG_WARN_DIRECT_OBJC_ISA_USAGE = YES_ERROR;
				CLANG_WARN_DOCUMENTATION_COMMENTS = YES;
				CLANG_WARN_EMPTY_BODY = YES;
				CLANG_WARN_ENUM_CONVERSION = YES;
				CLANG_WARN_INFINITE_RECURSION = YES;
				CLANG_WARN_INT_CONVERSION = YES;
				CLANG_WARN_OBJC_ROOT_CLASS = YES_ERROR;
				CLANG_WARN_SUSPICIOUS_MOVES = YES;
				CLANG_WARN_UNREACHABLE_CODE = YES;
				CLANG_WARN__DUPLICATE_METHOD_MATCH = YES;
				"CODE_SIGN_IDENTITY[sdk=iphoneos*]" = "iPhone Developer";
				COPY_PHASE_STRIP = NO;
				DEBUG_INFORMATION_FORMAT = "dwarf-with-dsym";
				ENABLE_NS_ASSERTIONS = NO;
				ENABLE_STRICT_OBJC_MSGSEND = YES;
				GCC_C_LANGUAGE_STANDARD = gnu99;
				GCC_NO_COMMON_BLOCKS = YES;
				GCC_WARN_64_TO_32_BIT_CONVERSION = YES;
				GCC_WARN_ABOUT_RETURN_TYPE = YES_ERROR;
				GCC_WARN_UNDECLARED_SELECTOR = YES;
				GCC_WARN_UNINITIALIZED_AUTOS = YES_AGGRESSIVE;
				GCC_WARN_UNUSED_FUNCTION = YES;
				GCC_WARN_UNUSED_VARIABLE = YES;
				IPHONEOS_DEPLOYMENT_TARGET = 10.0;
				MTL_ENABLE_DEBUG_INFO = NO;
				SDKROOT = iphoneos;
				SWIFT_OPTIMIZATION_LEVEL = "-Owholemodule";
				VALIDATE_PRODUCT = YES;
			};
			name = Release;
		};
		559BE83D1D9733E800614998 /* Debug */ = {
			isa = XCBuildConfiguration;
			buildSettings = {
				ASSETCATALOG_COMPILER_APPICON_NAME = AppIcon;
				DEVELOPMENT_TEAM = UCEY2ZV2YM;
				INFOPLIST_FILE = Silencio/Info.plist;
				LD_RUNPATH_SEARCH_PATHS = "$(inherited) @executable_path/Frameworks";
				PRODUCT_BUNDLE_IDENTIFIER = "strana-LLC.Silencio";
				PRODUCT_NAME = "$(TARGET_NAME)";
				SWIFT_VERSION = 3.0;
			};
			name = Debug;
		};
		559BE83E1D9733E800614998 /* Release */ = {
			isa = XCBuildConfiguration;
			buildSettings = {
				ASSETCATALOG_COMPILER_APPICON_NAME = AppIcon;
				DEVELOPMENT_TEAM = UCEY2ZV2YM;
				INFOPLIST_FILE = Silencio/Info.plist;
				LD_RUNPATH_SEARCH_PATHS = "$(inherited) @executable_path/Frameworks";
				PRODUCT_BUNDLE_IDENTIFIER = "strana-LLC.Silencio";
				PRODUCT_NAME = "$(TARGET_NAME)";
				SWIFT_VERSION = 3.0;
			};
			name = Release;
		};
/* End XCBuildConfiguration section */

/* Begin XCConfigurationList section */
		559BE8251D9733E800614998 /* Build configuration list for PBXProject "Silencio" */ = {
			isa = XCConfigurationList;
			buildConfigurations = (
				559BE83A1D9733E800614998 /* Debug */,
				559BE83B1D9733E800614998 /* Release */,
			);
			defaultConfigurationIsVisible = 0;
			defaultConfigurationName = Release;
		};
		559BE83C1D9733E800614998 /* Build configuration list for PBXNativeTarget "Silencio" */ = {
			isa = XCConfigurationList;
			buildConfigurations = (
				559BE83D1D9733E800614998 /* Debug */,
				559BE83E1D9733E800614998 /* Release */,
			);
			defaultConfigurationIsVisible = 0;
		};
/* End XCConfigurationList section */
	};
	rootObject = 559BE8221D9733E800614998 /* Project object */;
}
